{
  "requires": true,
  "lockfileVersion": 1,
  "dependencies": {
    "vue-cookies": {
      "version": "1.7.3",
      "resolved": "https://registry.npmjs.org/vue-cookies/-/vue-cookies-1.7.3.tgz",
      "integrity": "sha512-94AhF6LDHuZkrkWe1miDFkMALD6r9sKYZ+kT0TV9e6L97HST+Ozj+cKaWf97+fWSadJu50a2w/Cgo0iKQhNtKg=="
    }
  }
}
